
Microsoft Visual Studio Solution File, Format Version 12.00
# Visual Studio 15
VisualStudioVersion = 15.0.28307.421
MinimumVisualStudioVersion = 10.0.40219.1
Project("{FAE04EC0-301F-11D3-BF4B-00C04F79EFBC}") = "HHGame", "HHGame\HHGame.csproj", "{90D5B4C5-83C9-4303-9AF4-D17A36EE31BF}"
EndProject
Global
	GlobalSection(SolutionConfigurationPlatforms) = preSolution
		Debug|Any CPU = Debug|Any CPU
		Release|Any CPU = Release|Any CPU
	EndGlobalSection
	GlobalSection(ProjectConfigurationPlatforms) = postSolution
		{90D5B4C5-83C9-4303-9AF4-D17A36EE31BF}.Debug|Any CPU.ActiveCfg = Debug|Any CPU
		{90D5B4C5-83C9-4303-9AF4-D17A36EE31BF}.Debug|Any CPU.Build.0 = Debug|Any CPU
		{90D5B4C5-83C9-4303-9AF4-D17A36EE31BF}.Release|Any CPU.ActiveCfg = Release|Any CPU
		{90D5B4C5-83C9-4303-9AF4-D17A36EE31BF}.Release|Any CPU.Build.0 = Release|Any CPU
	EndGlobalSection
	GlobalSection(SolutionProperties) = preSolution
		HideSolutionNode = FALSE
	EndGlobalSection
	GlobalSection(ExtensibilityGlobals) = postSolution
		SolutionGuid = {0D222645-2AE5-4884-8201-6CC22F82156E}
	EndGlobalSection
EndGlobal
